
Microsoft Visual Studio Solution File, Format Version 12.00
# Visual Studio Version 17
VisualStudioVersion = 17.3.32922.545
MinimumVisualStudioVersion = 10.0.40219.1
Project("{FAE04EC0-301F-11D3-BF4B-00C04F79EFBC}") = "PhonebookAPI", "PhonebookAPI\PhonebookAPI.csproj", "{0F0F0CCF-90F8-44FA-852E-B53F708B33C7}"
EndProject
Global
	GlobalSection(SolutionConfigurationPlatforms) = preSolution
		Debug|Any CPU = Debug|Any CPU
		Release|Any CPU = Release|Any CPU
	EndGlobalSection
	GlobalSection(ProjectConfigurationPlatforms) = postSolution
		{0F0F0CCF-90F8-44FA-852E-B53F708B33C7}.Debug|Any CPU.ActiveCfg = Debug|Any CPU
		{0F0F0CCF-90F8-44FA-852E-B53F708B33C7}.Debug|Any CPU.Build.0 = Debug|Any CPU
		{0F0F0CCF-90F8-44FA-852E-B53F708B33C7}.Release|Any CPU.ActiveCfg = Release|Any CPU
		{0F0F0CCF-90F8-44FA-852E-B53F708B33C7}.Release|Any CPU.Build.0 = Release|Any CPU
	EndGlobalSection
	GlobalSection(SolutionProperties) = preSolution
		HideSolutionNode = FALSE
	EndGlobalSection
	GlobalSection(ExtensibilityGlobals) = postSolution
		SolutionGuid = {7A68FF19-FA82-40F2-ABBD-834F1EB55C81}
	EndGlobalSection
EndGlobal
